
Microsoft Visual Studio Solution File, Format Version 12.00
# Visual Studio 15
VisualStudioVersion = 15.0.28010.2026
MinimumVisualStudioVersion = 10.0.40219.1
Project("{F184B08F-C81C-45F6-A57F-5ABD9991F28F}") = "UniMart", "UniMart.vbproj", "{1C0D954F-9E38-49A9-97DE-8D2C3FF90686}"
EndProject
Global
	GlobalSection(SolutionConfigurationPlatforms) = preSolution
		Debug|Any CPU = Debug|Any CPU
		Release|Any CPU = Release|Any CPU
	EndGlobalSection
	GlobalSection(ProjectConfigurationPlatforms) = postSolution
		{1C0D954F-9E38-49A9-97DE-8D2C3FF90686}.Debug|Any CPU.ActiveCfg = Debug|Any CPU
		{1C0D954F-9E38-49A9-97DE-8D2C3FF90686}.Debug|Any CPU.Build.0 = Debug|Any CPU
		{1C0D954F-9E38-49A9-97DE-8D2C3FF90686}.Release|Any CPU.ActiveCfg = Release|Any CPU
		{1C0D954F-9E38-49A9-97DE-8D2C3FF90686}.Release|Any CPU.Build.0 = Release|Any CPU
	EndGlobalSection
	GlobalSection(SolutionProperties) = preSolution
		HideSolutionNode = FALSE
	EndGlobalSection
	GlobalSection(ExtensibilityGlobals) = postSolution
		SolutionGuid = {AD3FE476-2919-4050-AD8B-180DEFE32BD5}
	EndGlobalSection
EndGlobal
